// !$*UTF8*$!
{
	archiveVersion = 1;
	classes = {
	};
	objectVersion = 56;
	objects = {

/* Begin PBXBuildFile section */
		D638F17E2C28641400CA1900 /* DetailControllerView.swift in Sources */ = {isa = PBXBuildFile; fileRef = D638F17D2C28641400CA1900 /* DetailControllerView.swift */; };
		D638F1802C2867A500CA1900 /* NetworkManager.swift in Sources */ = {isa = PBXBuildFile; fileRef = D638F17F2C2867A500CA1900 /* NetworkManager.swift */; };
		D65F4B092C26DD32009360DD /* AppDelegate.swift in Sources */ = {isa = PBXBuildFile; fileRef = D65F4B082C26DD32009360DD /* AppDelegate.swift */; };
		D65F4B0B2C26DD32009360DD /* SceneDelegate.swift in Sources */ = {isa = PBXBuildFile; fileRef = D65F4B0A2C26DD32009360DD /* SceneDelegate.swift */; };
		D65F4B0D2C26DD32009360DD /* ViewController.swift in Sources */ = {isa = PBXBuildFile; fileRef = D65F4B0C2C26DD32009360DD /* ViewController.swift */; };
		D65F4B102C26DD32009360DD /* Base in Resources */ = {isa = PBXBuildFile; fileRef = D65F4B0F2C26DD32009360DD /* Base */; };
		D65F4B122C26DD33009360DD /* Assets.xcassets in Resources */ = {isa = PBXBuildFile; fileRef = D65F4B112C26DD33009360DD /* Assets.xcassets */; };
		D65F4B152C26DD33009360DD /* Base in Resources */ = {isa = PBXBuildFile; fileRef = D65F4B142C26DD33009360DD /* Base */; };
		D65F4B1D2C26E094009360DD /* Post.swift in Sources */ = {isa = PBXBuildFile; fileRef = D65F4B1C2C26E094009360DD /* Post.swift */; };
/* End PBXBuildFile section */

/* Begin PBXFileReference section */
		D638F17D2C28641400CA1900 /* DetailControllerView.swift */ = {isa = PBXFileReference; lastKnownFileType = sourcecode.swift; path = DetailControllerView.swift; sourceTree = "<group>"; };
		D638F17F2C2867A500CA1900 /* NetworkManager.swift */ = {isa = PBXFileReference; lastKnownFileType = sourcecode.swift; path = NetworkManager.swift; sourceTree = "<group>"; };
		D65F4B052C26DD32009360DD /* HTTPRequests.app */ = {isa = PBXFileReference; explicitFileType = wrapper.application; includeInIndex = 0; path = HTTPRequests.app; sourceTree = BUILT_PRODUCTS_DIR; };
		D65F4B082C26DD32009360DD /* AppDelegate.swift */ = {isa = PBXFileReference; lastKnownFileType = sourcecode.swift; path = AppDelegate.swift; sourceTree = "<group>"; };
		D65F4B0A2C26DD32009360DD /* SceneDelegate.swift */ = {isa = PBXFileReference; lastKnownFileType = sourcecode.swift; path = SceneDelegate.swift; sourceTree = "<group>"; };
		D65F4B0C2C26DD32009360DD /* ViewController.swift */ = {isa = PBXFileReference; lastKnownFileType = sourcecode.swift; path = ViewController.swift; sourceTree = "<group>"; };
		D65F4B0F2C26DD32009360DD /* Base */ = {isa = PBXFileReference; lastKnownFileType = file.storyboard; name = Base; path = Base.lproj/Main.storyboard; sourceTree = "<group>"; };
		D65F4B112C26DD33009360DD /* Assets.xcassets */ = {isa = PBXFileReference; lastKnownFileType = folder.assetcatalog; path = Assets.xcassets; sourceTree = "<group>"; };
		D65F4B142C26DD33009360DD /* Base */ = {isa = PBXFileReference; lastKnownFileType = file.storyboard; name = Base; path = Base.lproj/LaunchScreen.storyboard; sourceTree = "<group>"; };
		D65F4B162C26DD33009360DD /* Info.plist */ = {isa = PBXFileReference; lastKnownFileType = text.plist.xml; path = Info.plist; sourceTree = "<group>"; };
		D65F4B1C2C26E094009360DD /* Post.swift */ = {isa = PBXFileReference; lastKnownFileType = sourcecode.swift; path = Post.swift; sourceTree = "<group>"; };
/* End PBXFileReference section */

/* Begin PBXFrameworksBuildPhase section */
		D65F4B022C26DD32009360DD /* Frameworks */ = {
			isa = PBXFrameworksBuildPhase;
			buildActionMask = 2147483647;
			files = (
			);
			runOnlyForDeploymentPostprocessing = 0;
		};
/* End PBXFrameworksBuildPhase section */

/* Begin PBXGroup section */
		D65F4AFC2C26DD32009360DD = {
			isa = PBXGroup;
			children = (
				D65F4B072C26DD32009360DD /* HTTPRequests */,
				D65F4B062C26DD32009360DD /* Products */,
			);
			sourceTree = "<group>";
		};
		D65F4B062C26DD32009360DD /* Products */ = {
			isa = PBXGroup;
			children = (
				D65F4B052C26DD32009360DD /* HTTPRequests.app */,
			);
			name = Products;
			sourceTree = "<group>";
		};
		D65F4B072C26DD32009360DD /* HTTPRequests */ = {
			isa = PBXGroup;
			children = (
				D638F17F2C2867A500CA1900 /* NetworkManager.swift */,
				D65F4B082C26DD32009360DD /* AppDelegate.swift */,
				D65F4B0A2C26DD32009360DD /* SceneDelegate.swift */,
				D65F4B0C2C26DD32009360DD /* ViewController.swift */,
				D638F17D2C28641400CA1900 /* DetailControllerView.swift */,
				D65F4B0E2C26DD32009360DD /* Main.storyboard */,
				D65F4B112C26DD33009360DD /* Assets.xcassets */,
				D65F4B132C26DD33009360DD /* LaunchScreen.storyboard */,
				D65F4B162C26DD33009360DD /* Info.plist */,
				D65F4B1C2C26E094009360DD /* Post.swift */,
			);
			path = HTTPRequests;
			sourceTree = "<group>";
		};
/* End PBXGroup section */

/* Begin PBXNativeTarget section */
		D65F4B042C26DD32009360DD /* HTTPRequests */ = {
			isa = PBXNativeTarget;
			buildConfigurationList = D65F4B192C26DD33009360DD /* Build configuration list for PBXNativeTarget "HTTPRequests" */;
			buildPhases = (
				D65F4B012C26DD32009360DD /* Sources */,
				D65F4B022C26DD32009360DD /* Frameworks */,
				D65F4B032C26DD32009360DD /* Resources */,
			);
			buildRules = (
			);
			dependencies = (
			);
			name = HTTPRequests;
			productName = HTTPRequests;
			productReference = D65F4B052C26DD32009360DD /* HTTPRequests.app */;
			productType = "com.apple.product-type.application";
		};
/* End PBXNativeTarget section */

/* Begin PBXProject section */
		D65F4AFD2C26DD32009360DD /* Project object */ = {
			isa = PBXProject;
			attributes = {
				BuildIndependentTargetsInParallel = 1;
				LastSwiftUpdateCheck = 1540;
				LastUpgradeCheck = 1540;
				TargetAttributes = {
					D65F4B042C26DD32009360DD = {
						CreatedOnToolsVersion = 15.4;
					};
				};
			};
			buildConfigurationList = D65F4B002C26DD32009360DD /* Build configuration list for PBXProject "HTTPRequests" */;
			compatibilityVersion = "Xcode 14.0";
			developmentRegion = en;
			hasScannedForEncodings = 0;
			knownRegions = (
				en,
				Base,
			);
			mainGroup = D65F4AFC2C26DD32009360DD;
			productRefGroup = D65F4B062C26DD32009360DD /* Products */;
			projectDirPath = "";
			projectRoot = "";
			targets = (
				D65F4B042C26DD32009360DD /* HTTPRequests */,
			);
		};
/* End PBXProject section */

/* Begin PBXResourcesBuildPhase section */
		D65F4B032C26DD32009360DD /* Resources */ = {
			isa = PBXResourcesBuildPhase;
			buildActionMask = 2147483647;
			files = (
				D65F4B122C26DD33009360DD /* Assets.xcassets in Resources */,
				D65F4B152C26DD33009360DD /* Base in Resources */,
				D65F4B102C26DD32009360DD /* Base in Resources */,
			);
			runOnlyForDeploymentPostprocessing = 0;
		};
/* End PBXResourcesBuildPhase section */

/* Begin PBXSourcesBuildPhase section */
		D65F4B012C26DD32009360DD /* Sources */ = {
			isa = PBXSourcesBuildPhase;
			buildActionMask = 2147483647;
			files = (
				D638F1802C2867A500CA1900 /* NetworkManager.swift in Sources */,
				D65F4B0D2C26DD32009360DD /* ViewController.swift in Sources */,
				D65F4B092C26DD32009360DD /* AppDelegate.swift in Sources */,
				D65F4B0B2C26DD32009360DD /* SceneDelegate.swift in Sources */,
				D638F17E2C28641400CA1900 /* DetailControllerView.swift in Sources */,
				D65F4B1D2C26E094009360DD /* Post.swift in Sources */,
			);
			runOnlyForDeploymentPostprocessing = 0;
		};
/* End PBXSourcesBuildPhase section */

/* Begin PBXVariantGroup section */
		D65F4B0E2C26DD32009360DD /* Main.storyboard */ = {
			isa = PBXVariantGroup;
			children = (
				D65F4B0F2C26DD32009360DD /* Base */,
			);
			name = Main.storyboard;
			sourceTree = "<group>";
		};
		D65F4B132C26DD33009360DD /* LaunchScreen.storyboard */ = {
			isa = PBXVariantGroup;
			children = (
				D65F4B142C26DD33009360DD /* Base */,
			);
			name = LaunchScreen.storyboard;
			sourceTree = "<group>";
		};
/* End PBXVariantGroup section */

/* Begin XCBuildConfiguration section */
		D65F4B172C26DD33009360DD /* Debug */ = {
			isa = XCBuildConfiguration;
			buildSettings = {
				ALWAYS_SEARCH_USER_PATHS = NO;
				ASSETCATALOG_COMPILER_GENERATE_SWIFT_ASSET_SYMBOL_EXTENSIONS = YES;
				CLANG_ANALYZER_NONNULL = YES;
				CLANG_ANALYZER_NUMBER_OBJECT_CONVERSION = YES_AGGRESSIVE;
				CLANG_CXX_LANGUAGE_STANDARD = "gnu++20";
				CLANG_ENABLE_MODULES = YES;
				CLANG_ENABLE_OBJC_ARC = YES;
				CLANG_ENABLE_OBJC_WEAK = YES;
				CLANG_WARN_BLOCK_CAPTURE_AUTORELEASING = YES;
				CLANG_WARN_BOOL_CONVERSION = YES;
				CLANG_WARN_COMMA = YES;
				CLANG_WARN_CONSTANT_CONVERSION = YES;
				CLANG_WARN_DEPRECATED_OBJC_IMPLEMENTATIONS = YES;
				CLANG_WARN_DIRECT_OBJC_ISA_USAGE = YES_ERROR;
				CLANG_WARN_DOCUMENTATION_COMMENTS = YES;
				CLANG_WARN_EMPTY_BODY = YES;
				CLANG_WARN_ENUM_CONVERSION = YES;
				CLANG_WARN_INFINITE_RECURSION = YES;
				CLANG_WARN_INT_CONVERSION = YES;
				CLANG_WARN_NON_LITERAL_NULL_CONVERSION = YES;
				CLANG_WARN_OBJC_IMPLICIT_RETAIN_SELF = YES;
				CLANG_WARN_OBJC_LITERAL_CONVERSION = YES;
				CLANG_WARN_OBJC_ROOT_CLASS = YES_ERROR;
				CLANG_WARN_QUOTED_INCLUDE_IN_FRAMEWORK_HEADER = YES;
				CLANG_WARN_RANGE_LOOP_ANALYSIS = YES;
				CLANG_WARN_STRICT_PROTOTYPES = YES;
				CLANG_WARN_SUSPICIOUS_MOVE = YES;
				CLANG_WARN_UNGUARDED_AVAILABILITY = YES_AGGRESSIVE;
				CLANG_WARN_UNREACHABLE_CODE = YES;
				CLANG_WARN__DUPLICATE_METHOD_MATCH = YES;
				COPY_PHASE_STRIP = NO;
				DEBUG_INFORMATION_FORMAT = dwarf;
				ENABLE_STRICT_OBJC_MSGSEND = YES;
				ENABLE_TESTABILITY = YES;
				ENABLE_USER_SCRIPT_SANDBOXING = YES;
				GCC_C_LANGUAGE_STANDARD = gnu17;
				GCC_DYNAMIC_NO_PIC = NO;
				GCC_NO_COMMON_BLOCKS = YES;
				GCC_OPTIMIZATION_LEVEL = 0;
				GCC_PREPROCESSOR_DEFINITIONS = (
					"DEBUG=1",
					"$(inherited)",
				);
				GCC_WARN_64_TO_32_BIT_CONVERSION = YES;
				GCC_WARN_ABOUT_RETURN_TYPE = YES_ERROR;
				GCC_WARN_UNDECLARED_SELECTOR = YES;
				GCC_WARN_UNINITIALIZED_AUTOS = YES_AGGRESSIVE;
				GCC_WARN_UNUSED_FUNCTION = YES;
				GCC_WARN_UNUSED_VARIABLE = YES;
				IPHONEOS_DEPLOYMENT_TARGET = 17.5;
				LOCALIZATION_PREFERS_STRING_CATALOGS = YES;
				MTL_ENABLE_DEBUG_INFO = INCLUDE_SOURCE;
				MTL_FAST_MATH = YES;
				ONLY_ACTIVE_ARCH = YES;
				SDKROOT = iphoneos;
				SWIFT_ACTIVE_COMPILATION_CONDITIONS = "DEBUG $(inherited)";
				SWIFT_OPTIMIZATION_LEVEL = "-Onone";
			};
			name = Debug;
		};
		D65F4B182C26DD33009360DD /* Release */ = {
			isa = XCBuildConfiguration;
			buildSettings = {
				ALWAYS_SEARCH_USER_PATHS = NO;
				ASSETCATALOG_COMPILER_GENERATE_SWIFT_ASSET_SYMBOL_EXTENSIONS = YES;
				CLANG_ANALYZER_NONNULL = YES;
				CLANG_ANALYZER_NUMBER_OBJECT_CONVERSION = YES_AGGRESSIVE;
				CLANG_CXX_LANGUAGE_STANDARD = "gnu++20";
				CLANG_ENABLE_MODULES = YES;
				CLANG_ENABLE_OBJC_ARC = YES;
				CLANG_ENABLE_OBJC_WEAK = YES;
				CLANG_WARN_BLOCK_CAPTURE_AUTORELEASING = YES;
				CLANG_WARN_BOOL_CONVERSION = YES;
				CLANG_WARN_COMMA = YES;
				CLANG_WARN_CONSTANT_CONVERSION = YES;
				CLANG_WARN_DEPRECATED_OBJC_IMPLEMENTATIONS = YES;
				CLANG_WARN_DIRECT_OBJC_ISA_USAGE = YES_ERROR;
				CLANG_WARN_DOCUMENTATION_COMMENTS = YES;
				CLANG_WARN_EMPTY_BODY = YES;
				CLANG_WARN_ENUM_CONVERSION = YES;
				CLANG_WARN_INFINITE_RECURSION = YES;
				CLANG_WARN_INT_CONVERSION = YES;
				CLANG_WARN_NON_LITERAL_NULL_CONVERSION = YES;
				CLANG_WARN_OBJC_IMPLICIT_RETAIN_SELF = YES;
				CLANG_WARN_OBJC_LITERAL_CONVERSION = YES;
				CLANG_WARN_OBJC_ROOT_CLASS = YES_ERROR;
				CLANG_WARN_QUOTED_INCLUDE_IN_FRAMEWORK_HEADER = YES;
				CLANG_WARN_RANGE_LOOP_ANALYSIS = YES;
				CLANG_WARN_STRICT_PROTOTYPES = YES;
				CLANG_WARN_SUSPICIOUS_MOVE = YES;
				CLANG_WARN_UNGUARDED_AVAILABILITY = YES_AGGRESSIVE;
				CLANG_WARN_UNREACHABLE_CODE = YES;
				CLANG_WARN__DUPLICATE_METHOD_MATCH = YES;
				COPY_PHASE_STRIP = NO;
				DEBUG_INFORMATION_FORMAT = "dwarf-with-dsym";
				ENABLE_NS_ASSERTIONS = NO;
				ENABLE_STRICT_OBJC_MSGSEND = YES;
				ENABLE_USER_SCRIPT_SANDBOXING = YES;
				GCC_C_LANGUAGE_STANDARD = gnu17;
				GCC_NO_COMMON_BLOCKS = YES;
				GCC_WARN_64_TO_32_BIT_CONVERSION = YES;
				GCC_WARN_ABOUT_RETURN_TYPE = YES_ERROR;
				GCC_WARN_UNDECLARED_SELECTOR = YES;
				GCC_WARN_UNINITIALIZED_AUTOS = YES_AGGRESSIVE;
				GCC_WARN_UNUSED_FUNCTION = YES;
				GCC_WARN_UNUSED_VARIABLE = YES;
				IPHONEOS_DEPLOYMENT_TARGET = 17.5;
				LOCALIZATION_PREFERS_STRING_CATALOGS = YES;
				MTL_ENABLE_DEBUG_INFO = NO;
				MTL_FAST_MATH = YES;
				SDKROOT = iphoneos;
				SWIFT_COMPILATION_MODE = wholemodule;
				VALIDATE_PRODUCT = YES;
			};
			name = Release;
		};
		D65F4B1A2C26DD33009360DD /* Debug */ = {
			isa = XCBuildConfiguration;
			buildSettings = {
				ASSETCATALOG_COMPILER_APPICON_NAME = AppIcon;
				ASSETCATALOG_COMPILER_GLOBAL_ACCENT_COLOR_NAME = AccentColor;
				CODE_SIGN_STYLE = Automatic;
				CURRENT_PROJECT_VERSION = 1;
				DEVELOPMENT_TEAM = K7667BYLB3;
				GENERATE_INFOPLIST_FILE = YES;
				INFOPLIST_FILE = HTTPRequests/Info.plist;
				INFOPLIST_KEY_UIApplicationSupportsIndirectInputEvents = YES;
				INFOPLIST_KEY_UILaunchStoryboardName = LaunchScreen;
				INFOPLIST_KEY_UIMainStoryboardFile = Main;
				INFOPLIST_KEY_UISupportedInterfaceOrientations_iPad = "UIInterfaceOrientationPortrait UIInterfaceOrientationPortraitUpsideDown UIInterfaceOrientationLandscapeLeft UIInterfaceOrientationLandscapeRight";
				INFOPLIST_KEY_UISupportedInterfaceOrientations_iPhone = "UIInterfaceOrientationPortrait UIInterfaceOrientationLandscapeLeft UIInterfaceOrientationLandscapeRight";
				LD_RUNPATH_SEARCH_PATHS = (
					"$(inherited)",
					"@executable_path/Frameworks",
				);
				MARKETING_VERSION = 1.0;
				PRODUCT_BUNDLE_IDENTIFIER = com.itwasjoke.HTTPRequests;
				PRODUCT_NAME = "$(TARGET_NAME)";
				SWIFT_EMIT_LOC_STRINGS = YES;
				SWIFT_VERSION = 5.0;
				TARGETED_DEVICE_FAMILY = "1,2";
			};
			name = Debug;
		};
		D65F4B1B2C26DD33009360DD /* Release */ = {
			isa = XCBuildConfiguration;
			buildSettings = {
				ASSETCATALOG_COMPILER_APPICON_NAME = AppIcon;
				ASSETCATALOG_COMPILER_GLOBAL_ACCENT_COLOR_NAME = AccentColor;
				CODE_SIGN_STYLE = Automatic;
				CURRENT_PROJECT_VERSION = 1;
				DEVELOPMENT_TEAM = K7667BYLB3;
				GENERATE_INFOPLIST_FILE = YES;
				INFOPLIST_FILE = HTTPRequests/Info.plist;
				INFOPLIST_KEY_UIApplicationSupportsIndirectInputEvents = YES;
				INFOPLIST_KEY_UILaunchStoryboardName = LaunchScreen;
				INFOPLIST_KEY_UIMainStoryboardFile = Main;
				INFOPLIST_KEY_UISupportedInterfaceOrientations_iPad = "UIInterfaceOrientationPortrait UIInterfaceOrientationPortraitUpsideDown UIInterfaceOrientationLandscapeLeft UIInterfaceOrientationLandscapeRight";
				INFOPLIST_KEY_UISupportedInterfaceOrientations_iPhone = "UIInterfaceOrientationPortrait UIInterfaceOrientationLandscapeLeft UIInterfaceOrientationLandscapeRight";
				LD_RUNPATH_SEARCH_PATHS = (
					"$(inherited)",
					"@executable_path/Frameworks",
				);
				MARKETING_VERSION = 1.0;
				PRODUCT_BUNDLE_IDENTIFIER = com.itwasjoke.HTTPRequests;
				PRODUCT_NAME = "$(TARGET_NAME)";
				SWIFT_EMIT_LOC_STRINGS = YES;
				SWIFT_VERSION = 5.0;
				TARGETED_DEVICE_FAMILY = "1,2";
			};
			name = Release;
		};
/* End XCBuildConfiguration section */

/* Begin XCConfigurationList section */
		D65F4B002C26DD32009360DD /* Build configuration list for PBXProject "HTTPRequests" */ = {
			isa = XCConfigurationList;
			buildConfigurations = (
				D65F4B172C26DD33009360DD /* Debug */,
				D65F4B182C26DD33009360DD /* Release */,
			);
			defaultConfigurationIsVisible = 0;
			defaultConfigurationName = Release;
		};
		D65F4B192C26DD33009360DD /* Build configuration list for PBXNativeTarget "HTTPRequests" */ = {
			isa = XCConfigurationList;
			buildConfigurations = (
				D65F4B1A2C26DD33009360DD /* Debug */,
				D65F4B1B2C26DD33009360DD /* Release */,
			);
			defaultConfigurationIsVisible = 0;
			defaultConfigurationName = Release;
		};
/* End XCConfigurationList section */
	};
	rootObject = D65F4AFD2C26DD32009360DD /* Project object */;
}
